
Microsoft Visual Studio Solution File, Format Version 12.00
# Visual Studio Version 17
VisualStudioVersion = 17.11.35312.102
MinimumVisualStudioVersion = 10.0.40219.1
Project("{FAE04EC0-301F-11D3-BF4B-00C04F79EFBC}") = "Week7Functions", "Week7Functions\Week7Functions.csproj", "{3772B4D3-72BE-4E73-AFFA-D558F910EAFE}"
EndProject
Project("{FAE04EC0-301F-11D3-BF4B-00C04F79EFBC}") = "ArgumentsAnaParameters", "ArgumentsAnaParameters\ArgumentsAnaParameters.csproj", "{1584B49E-E0BD-4F5D-93DE-456F9E01398D}"
EndProject
Project("{FAE04EC0-301F-11D3-BF4B-00C04F79EFBC}") = "Calculator", "Calculator\Calculator.csproj", "{BB381BF9-1498-4EA6-8357-B0F8293AEC19}"
EndProject
Project("{FAE04EC0-301F-11D3-BF4B-00C04F79EFBC}") = "DIscountCalculator", "DIscountCalculator\DIscountCalculator.csproj", "{2DB0E1A7-C004-44B6-8EA2-AAB846A1CC3A}"
EndProject
Global
	GlobalSection(SolutionConfigurationPlatforms) = preSolution
		Debug|Any CPU = Debug|Any CPU
		Release|Any CPU = Release|Any CPU
	EndGlobalSection
	GlobalSection(ProjectConfigurationPlatforms) = postSolution
		{3772B4D3-72BE-4E73-AFFA-D558F910EAFE}.Debug|Any CPU.ActiveCfg = Debug|Any CPU
		{3772B4D3-72BE-4E73-AFFA-D558F910EAFE}.Debug|Any CPU.Build.0 = Debug|Any CPU
		{3772B4D3-72BE-4E73-AFFA-D558F910EAFE}.Release|Any CPU.ActiveCfg = Release|Any CPU
		{3772B4D3-72BE-4E73-AFFA-D558F910EAFE}.Release|Any CPU.Build.0 = Release|Any CPU
		{1584B49E-E0BD-4F5D-93DE-456F9E01398D}.Debug|Any CPU.ActiveCfg = Debug|Any CPU
		{1584B49E-E0BD-4F5D-93DE-456F9E01398D}.Debug|Any CPU.Build.0 = Debug|Any CPU
		{1584B49E-E0BD-4F5D-93DE-456F9E01398D}.Release|Any CPU.ActiveCfg = Release|Any CPU
		{1584B49E-E0BD-4F5D-93DE-456F9E01398D}.Release|Any CPU.Build.0 = Release|Any CPU
		{BB381BF9-1498-4EA6-8357-B0F8293AEC19}.Debug|Any CPU.ActiveCfg = Debug|Any CPU
		{BB381BF9-1498-4EA6-8357-B0F8293AEC19}.Debug|Any CPU.Build.0 = Debug|Any CPU
		{BB381BF9-1498-4EA6-8357-B0F8293AEC19}.Release|Any CPU.ActiveCfg = Release|Any CPU
		{BB381BF9-1498-4EA6-8357-B0F8293AEC19}.Release|Any CPU.Build.0 = Release|Any CPU
		{2DB0E1A7-C004-44B6-8EA2-AAB846A1CC3A}.Debug|Any CPU.ActiveCfg = Debug|Any CPU
		{2DB0E1A7-C004-44B6-8EA2-AAB846A1CC3A}.Debug|Any CPU.Build.0 = Debug|Any CPU
		{2DB0E1A7-C004-44B6-8EA2-AAB846A1CC3A}.Release|Any CPU.ActiveCfg = Release|Any CPU
		{2DB0E1A7-C004-44B6-8EA2-AAB846A1CC3A}.Release|Any CPU.Build.0 = Release|Any CPU
	EndGlobalSection
	GlobalSection(SolutionProperties) = preSolution
		HideSolutionNode = FALSE
	EndGlobalSection
	GlobalSection(ExtensibilityGlobals) = postSolution
		SolutionGuid = {6C51B835-1B41-4535-8369-206E018B7E9E}
	EndGlobalSection
EndGlobal
